// !$*UTF8*$!
{
	archiveVersion = 1;
	classes = {
	};
	objectVersion = 50;
	objects = {

/* Begin PBXBuildFile section */
		2968353422584A72002CB639 /* CustomCell.swift in Sources */ = {isa = PBXBuildFile; fileRef = 2968353322584A72002CB639 /* CustomCell.swift */; };
		2968353622586A73002CB639 /* Ui.swift in Sources */ = {isa = PBXBuildFile; fileRef = 2968353522586A73002CB639 /* Ui.swift */; };
		2982F0E52256EA230044372E /* AppDelegate.swift in Sources */ = {isa = PBXBuildFile; fileRef = 2982F0E42256EA230044372E /* AppDelegate.swift */; };
		2982F0EC2256EA240044372E /* Assets.xcassets in Resources */ = {isa = PBXBuildFile; fileRef = 2982F0EB2256EA240044372E /* Assets.xcassets */; };
		2982F0F72256EA550044372E /* Constants.swift in Sources */ = {isa = PBXBuildFile; fileRef = 2982F0F62256EA550044372E /* Constants.swift */; };
		2982F0F92256EA6A0044372E /* MainTVC.swift in Sources */ = {isa = PBXBuildFile; fileRef = 2982F0F82256EA6A0044372E /* MainTVC.swift */; };
		2982F0FB2256EA750044372E /* DrawingView.swift in Sources */ = {isa = PBXBuildFile; fileRef = 2982F0FA2256EA750044372E /* DrawingView.swift */; };
		2982F0FD2256EA820044372E /* CustomImageView.swift in Sources */ = {isa = PBXBuildFile; fileRef = 2982F0FC2256EA820044372E /* CustomImageView.swift */; };
		EEB0940BC0DF250DC8989CA9 /* Pods_VerkadaMotionSearch.framework in Frameworks */ = {isa = PBXBuildFile; fileRef = 9D7938ECC0D352F539B99A5D /* Pods_VerkadaMotionSearch.framework */; };
/* End PBXBuildFile section */

/* Begin PBXFileReference section */
		05EDE6072077C6BC42B7A881 /* Pods-VerkadaMotionSearch.debug.xcconfig */ = {isa = PBXFileReference; includeInIndex = 1; lastKnownFileType = text.xcconfig; name = "Pods-VerkadaMotionSearch.debug.xcconfig"; path = "Pods/Target Support Files/Pods-VerkadaMotionSearch/Pods-VerkadaMotionSearch.debug.xcconfig"; sourceTree = "<group>"; };
		2968353322584A72002CB639 /* CustomCell.swift */ = {isa = PBXFileReference; lastKnownFileType = sourcecode.swift; path = CustomCell.swift; sourceTree = "<group>"; };
		2968353522586A73002CB639 /* Ui.swift */ = {isa = PBXFileReference; lastKnownFileType = sourcecode.swift; path = Ui.swift; sourceTree = "<group>"; };
		2982F0E12256EA230044372E /* VerkadaMotionSearch.app */ = {isa = PBXFileReference; explicitFileType = wrapper.application; includeInIndex = 0; path = VerkadaMotionSearch.app; sourceTree = BUILT_PRODUCTS_DIR; };
		2982F0E42256EA230044372E /* AppDelegate.swift */ = {isa = PBXFileReference; lastKnownFileType = sourcecode.swift; path = AppDelegate.swift; sourceTree = "<group>"; };
		2982F0EB2256EA240044372E /* Assets.xcassets */ = {isa = PBXFileReference; lastKnownFileType = folder.assetcatalog; path = Assets.xcassets; sourceTree = "<group>"; };
		2982F0F02256EA240044372E /* Info.plist */ = {isa = PBXFileReference; lastKnownFileType = text.plist.xml; path = Info.plist; sourceTree = "<group>"; };
		2982F0F62256EA550044372E /* Constants.swift */ = {isa = PBXFileReference; lastKnownFileType = sourcecode.swift; path = Constants.swift; sourceTree = "<group>"; };
		2982F0F82256EA6A0044372E /* MainTVC.swift */ = {isa = PBXFileReference; lastKnownFileType = sourcecode.swift; path = MainTVC.swift; sourceTree = "<group>"; };
		2982F0FA2256EA750044372E /* DrawingView.swift */ = {isa = PBXFileReference; lastKnownFileType = sourcecode.swift; path = DrawingView.swift; sourceTree = "<group>"; };
		2982F0FC2256EA820044372E /* CustomImageView.swift */ = {isa = PBXFileReference; lastKnownFileType = sourcecode.swift; path = CustomImageView.swift; sourceTree = "<group>"; };
		9D7938ECC0D352F539B99A5D /* Pods_VerkadaMotionSearch.framework */ = {isa = PBXFileReference; explicitFileType = wrapper.framework; includeInIndex = 0; path = Pods_VerkadaMotionSearch.framework; sourceTree = BUILT_PRODUCTS_DIR; };
		B8C49B85B3BDE4963BCC59B1 /* Pods-VerkadaMotionSearch.release.xcconfig */ = {isa = PBXFileReference; includeInIndex = 1; lastKnownFileType = text.xcconfig; name = "Pods-VerkadaMotionSearch.release.xcconfig"; path = "Pods/Target Support Files/Pods-VerkadaMotionSearch/Pods-VerkadaMotionSearch.release.xcconfig"; sourceTree = "<group>"; };
/* End PBXFileReference section */

/* Begin PBXFrameworksBuildPhase section */
		2982F0DE2256EA230044372E /* Frameworks */ = {
			isa = PBXFrameworksBuildPhase;
			buildActionMask = 2147483647;
			files = (
				EEB0940BC0DF250DC8989CA9 /* Pods_VerkadaMotionSearch.framework in Frameworks */,
			);
			runOnlyForDeploymentPostprocessing = 0;
		};
/* End PBXFrameworksBuildPhase section */

/* Begin PBXGroup section */
		2982F0D82256EA230044372E = {
			isa = PBXGroup;
			children = (
				2982F0E32256EA230044372E /* VerkadaMotionSearch */,
				2982F0E22256EA230044372E /* Products */,
				6A2050937B259B107CC1EC46 /* Pods */,
				6CBE35B03152D0215426FFE9 /* Frameworks */,
			);
			sourceTree = "<group>";
		};
		2982F0E22256EA230044372E /* Products */ = {
			isa = PBXGroup;
			children = (
				2982F0E12256EA230044372E /* VerkadaMotionSearch.app */,
			);
			name = Products;
			sourceTree = "<group>";
		};
		2982F0E32256EA230044372E /* VerkadaMotionSearch */ = {
			isa = PBXGroup;
			children = (
				2982F0E42256EA230044372E /* AppDelegate.swift */,
				2982F0F62256EA550044372E /* Constants.swift */,
				2982F0F82256EA6A0044372E /* MainTVC.swift */,
				2982F0FA2256EA750044372E /* DrawingView.swift */,
				2982F0FC2256EA820044372E /* CustomImageView.swift */,
				2968353322584A72002CB639 /* CustomCell.swift */,
				2968353522586A73002CB639 /* Ui.swift */,
				2982F0EB2256EA240044372E /* Assets.xcassets */,
				2982F0F02256EA240044372E /* Info.plist */,
			);
			path = VerkadaMotionSearch;
			sourceTree = "<group>";
		};
		6A2050937B259B107CC1EC46 /* Pods */ = {
			isa = PBXGroup;
			children = (
				05EDE6072077C6BC42B7A881 /* Pods-VerkadaMotionSearch.debug.xcconfig */,
				B8C49B85B3BDE4963BCC59B1 /* Pods-VerkadaMotionSearch.release.xcconfig */,
			);
			name = Pods;
			sourceTree = "<group>";
		};
		6CBE35B03152D0215426FFE9 /* Frameworks */ = {
			isa = PBXGroup;
			children = (
				9D7938ECC0D352F539B99A5D /* Pods_VerkadaMotionSearch.framework */,
			);
			name = Frameworks;
			sourceTree = "<group>";
		};
/* End PBXGroup section */

/* Begin PBXNativeTarget section */
		2982F0E02256EA230044372E /* VerkadaMotionSearch */ = {
			isa = PBXNativeTarget;
			buildConfigurationList = 2982F0F32256EA240044372E /* Build configuration list for PBXNativeTarget "VerkadaMotionSearch" */;
			buildPhases = (
				21CCD0526DB2F53C22C4534A /* [CP] Check Pods Manifest.lock */,
				2982F0DD2256EA230044372E /* Sources */,
				2982F0DE2256EA230044372E /* Frameworks */,
				2982F0DF2256EA230044372E /* Resources */,
				6BD4DABF6068E069B8EADD6E /* [CP] Embed Pods Frameworks */,
			);
			buildRules = (
			);
			dependencies = (
			);
			name = VerkadaMotionSearch;
			productName = VerkadaMotionSearch;
			productReference = 2982F0E12256EA230044372E /* VerkadaMotionSearch.app */;
			productType = "com.apple.product-type.application";
		};
/* End PBXNativeTarget section */

/* Begin PBXProject section */
		2982F0D92256EA230044372E /* Project object */ = {
			isa = PBXProject;
			attributes = {
				LastSwiftUpdateCheck = 1010;
				LastUpgradeCheck = 1010;
				ORGANIZATIONNAME = hl;
				TargetAttributes = {
					2982F0E02256EA230044372E = {
						CreatedOnToolsVersion = 10.1;
					};
				};
			};
			buildConfigurationList = 2982F0DC2256EA230044372E /* Build configuration list for PBXProject "VerkadaMotionSearch" */;
			compatibilityVersion = "Xcode 9.3";
			developmentRegion = en;
			hasScannedForEncodings = 0;
			knownRegions = (
				en,
				Base,
			);
			mainGroup = 2982F0D82256EA230044372E;
			productRefGroup = 2982F0E22256EA230044372E /* Products */;
			projectDirPath = "";
			projectRoot = "";
			targets = (
				2982F0E02256EA230044372E /* VerkadaMotionSearch */,
			);
		};
/* End PBXProject section */

/* Begin PBXResourcesBuildPhase section */
		2982F0DF2256EA230044372E /* Resources */ = {
			isa = PBXResourcesBuildPhase;
			buildActionMask = 2147483647;
			files = (
				2982F0EC2256EA240044372E /* Assets.xcassets in Resources */,
			);
			runOnlyForDeploymentPostprocessing = 0;
		};
/* End PBXResourcesBuildPhase section */

/* Begin PBXShellScriptBuildPhase section */
		21CCD0526DB2F53C22C4534A /* [CP] Check Pods Manifest.lock */ = {
			isa = PBXShellScriptBuildPhase;
			buildActionMask = 2147483647;
			files = (
			);
			inputFileListPaths = (
			);
			inputPaths = (
				"${PODS_PODFILE_DIR_PATH}/Podfile.lock",
				"${PODS_ROOT}/Manifest.lock",
			);
			name = "[CP] Check Pods Manifest.lock";
			outputFileListPaths = (
			);
			outputPaths = (
				"$(DERIVED_FILE_DIR)/Pods-VerkadaMotionSearch-checkManifestLockResult.txt",
			);
			runOnlyForDeploymentPostprocessing = 0;
			shellPath = /bin/sh;
			shellScript = "diff \"${PODS_PODFILE_DIR_PATH}/Podfile.lock\" \"${PODS_ROOT}/Manifest.lock\" > /dev/null\nif [ $? != 0 ] ; then\n    # print error to STDERR\n    echo \"error: The sandbox is not in sync with the Podfile.lock. Run 'pod install' or update your CocoaPods installation.\" >&2\n    exit 1\nfi\n# This output is used by Xcode 'outputs' to avoid re-running this script phase.\necho \"SUCCESS\" > \"${SCRIPT_OUTPUT_FILE_0}\"\n";
			showEnvVarsInLog = 0;
		};
		6BD4DABF6068E069B8EADD6E /* [CP] Embed Pods Frameworks */ = {
			isa = PBXShellScriptBuildPhase;
			buildActionMask = 2147483647;
			files = (
			);
			inputFileListPaths = (
			);
			inputPaths = (
				"${SRCROOT}/Pods/Target Support Files/Pods-VerkadaMotionSearch/Pods-VerkadaMotionSearch-frameworks.sh",
				"${BUILT_PRODUCTS_DIR}/Alamofire/Alamofire.framework",
			);
			name = "[CP] Embed Pods Frameworks";
			outputFileListPaths = (
			);
			outputPaths = (
				"${TARGET_BUILD_DIR}/${FRAMEWORKS_FOLDER_PATH}/Alamofire.framework",
			);
			runOnlyForDeploymentPostprocessing = 0;
			shellPath = /bin/sh;
			shellScript = "\"${SRCROOT}/Pods/Target Support Files/Pods-VerkadaMotionSearch/Pods-VerkadaMotionSearch-frameworks.sh\"\n";
			showEnvVarsInLog = 0;
		};
/* End PBXShellScriptBuildPhase section */

/* Begin PBXSourcesBuildPhase section */
		2982F0DD2256EA230044372E /* Sources */ = {
			isa = PBXSourcesBuildPhase;
			buildActionMask = 2147483647;
			files = (
				2982F0E52256EA230044372E /* AppDelegate.swift in Sources */,
				2982F0F92256EA6A0044372E /* MainTVC.swift in Sources */,
				2968353622586A73002CB639 /* Ui.swift in Sources */,
				2982F0F72256EA550044372E /* Constants.swift in Sources */,
				2982F0FB2256EA750044372E /* DrawingView.swift in Sources */,
				2968353422584A72002CB639 /* CustomCell.swift in Sources */,
				2982F0FD2256EA820044372E /* CustomImageView.swift in Sources */,
			);
			runOnlyForDeploymentPostprocessing = 0;
		};
/* End PBXSourcesBuildPhase section */

/* Begin XCBuildConfiguration section */
		2982F0F12256EA240044372E /* Debug */ = {
			isa = XCBuildConfiguration;
			buildSettings = {
				ALWAYS_SEARCH_USER_PATHS = NO;
				CLANG_ANALYZER_NONNULL = YES;
				CLANG_ANALYZER_NUMBER_OBJECT_CONVERSION = YES_AGGRESSIVE;
				CLANG_CXX_LANGUAGE_STANDARD = "gnu++14";
				CLANG_CXX_LIBRARY = "libc++";
				CLANG_ENABLE_MODULES = YES;
				CLANG_ENABLE_OBJC_ARC = YES;
				CLANG_ENABLE_OBJC_WEAK = YES;
				CLANG_WARN_BLOCK_CAPTURE_AUTORELEASING = YES;
				CLANG_WARN_BOOL_CONVERSION = YES;
				CLANG_WARN_COMMA = YES;
				CLANG_WARN_CONSTANT_CONVERSION = YES;
				CLANG_WARN_DEPRECATED_OBJC_IMPLEMENTATIONS = YES;
				CLANG_WARN_DIRECT_OBJC_ISA_USAGE = YES_ERROR;
				CLANG_WARN_DOCUMENTATION_COMMENTS = YES;
				CLANG_WARN_EMPTY_BODY = YES;
				CLANG_WARN_ENUM_CONVERSION = YES;
				CLANG_WARN_INFINITE_RECURSION = YES;
				CLANG_WARN_INT_CONVERSION = YES;
				CLANG_WARN_NON_LITERAL_NULL_CONVERSION = YES;
				CLANG_WARN_OBJC_IMPLICIT_RETAIN_SELF = YES;
				CLANG_WARN_OBJC_LITERAL_CONVERSION = YES;
				CLANG_WARN_OBJC_ROOT_CLASS = YES_ERROR;
				CLANG_WARN_RANGE_LOOP_ANALYSIS = YES;
				CLANG_WARN_STRICT_PROTOTYPES = YES;
				CLANG_WARN_SUSPICIOUS_MOVE = YES;
				CLANG_WARN_UNGUARDED_AVAILABILITY = YES_AGGRESSIVE;
				CLANG_WARN_UNREACHABLE_CODE = YES;
				CLANG_WARN__DUPLICATE_METHOD_MATCH = YES;
				CODE_SIGN_IDENTITY = "iPhone Developer";
				COPY_PHASE_STRIP = NO;
				DEBUG_INFORMATION_FORMAT = dwarf;
				ENABLE_STRICT_OBJC_MSGSEND = YES;
				ENABLE_TESTABILITY = YES;
				GCC_C_LANGUAGE_STANDARD = gnu11;
				GCC_DYNAMIC_NO_PIC = NO;
				GCC_NO_COMMON_BLOCKS = YES;
				GCC_OPTIMIZATION_LEVEL = 0;
				GCC_PREPROCESSOR_DEFINITIONS = (
					"DEBUG=1",
					"$(inherited)",
				);
				GCC_WARN_64_TO_32_BIT_CONVERSION = YES;
				GCC_WARN_ABOUT_RETURN_TYPE = YES_ERROR;
				GCC_WARN_UNDECLARED_SELECTOR = YES;
				GCC_WARN_UNINITIALIZED_AUTOS = YES_AGGRESSIVE;
				GCC_WARN_UNUSED_FUNCTION = YES;
				GCC_WARN_UNUSED_VARIABLE = YES;
				IPHONEOS_DEPLOYMENT_TARGET = 12.1;
				MTL_ENABLE_DEBUG_INFO = INCLUDE_SOURCE;
				MTL_FAST_MATH = YES;
				ONLY_ACTIVE_ARCH = YES;
				SDKROOT = iphoneos;
				SWIFT_ACTIVE_COMPILATION_CONDITIONS = DEBUG;
				SWIFT_OPTIMIZATION_LEVEL = "-Onone";
			};
			name = Debug;
		};
		2982F0F22256EA240044372E /* Release */ = {
			isa = XCBuildConfiguration;
			buildSettings = {
				ALWAYS_SEARCH_USER_PATHS = NO;
				CLANG_ANALYZER_NONNULL = YES;
				CLANG_ANALYZER_NUMBER_OBJECT_CONVERSION = YES_AGGRESSIVE;
				CLANG_CXX_LANGUAGE_STANDARD = "gnu++14";
				CLANG_CXX_LIBRARY = "libc++";
				CLANG_ENABLE_MODULES = YES;
				CLANG_ENABLE_OBJC_ARC = YES;
				CLANG_ENABLE_OBJC_WEAK = YES;
				CLANG_WARN_BLOCK_CAPTURE_AUTORELEASING = YES;
				CLANG_WARN_BOOL_CONVERSION = YES;
				CLANG_WARN_COMMA = YES;
				CLANG_WARN_CONSTANT_CONVERSION = YES;
				CLANG_WARN_DEPRECATED_OBJC_IMPLEMENTATIONS = YES;
				CLANG_WARN_DIRECT_OBJC_ISA_USAGE = YES_ERROR;
				CLANG_WARN_DOCUMENTATION_COMMENTS = YES;
				CLANG_WARN_EMPTY_BODY = YES;
				CLANG_WARN_ENUM_CONVERSION = YES;
				CLANG_WARN_INFINITE_RECURSION = YES;
				CLANG_WARN_INT_CONVERSION = YES;
				CLANG_WARN_NON_LITERAL_NULL_CONVERSION = YES;
				CLANG_WARN_OBJC_IMPLICIT_RETAIN_SELF = YES;
				CLANG_WARN_OBJC_LITERAL_CONVERSION = YES;
				CLANG_WARN_OBJC_ROOT_CLASS = YES_ERROR;
				CLANG_WARN_RANGE_LOOP_ANALYSIS = YES;
				CLANG_WARN_STRICT_PROTOTYPES = YES;
				CLANG_WARN_SUSPICIOUS_MOVE = YES;
				CLANG_WARN_UNGUARDED_AVAILABILITY = YES_AGGRESSIVE;
				CLANG_WARN_UNREACHABLE_CODE = YES;
				CLANG_WARN__DUPLICATE_METHOD_MATCH = YES;
				CODE_SIGN_IDENTITY = "iPhone Developer";
				COPY_PHASE_STRIP = NO;
				DEBUG_INFORMATION_FORMAT = "dwarf-with-dsym";
				ENABLE_NS_ASSERTIONS = NO;
				ENABLE_STRICT_OBJC_MSGSEND = YES;
				GCC_C_LANGUAGE_STANDARD = gnu11;
				GCC_NO_COMMON_BLOCKS = YES;
				GCC_WARN_64_TO_32_BIT_CONVERSION = YES;
				GCC_WARN_ABOUT_RETURN_TYPE = YES_ERROR;
				GCC_WARN_UNDECLARED_SELECTOR = YES;
				GCC_WARN_UNINITIALIZED_AUTOS = YES_AGGRESSIVE;
				GCC_WARN_UNUSED_FUNCTION = YES;
				GCC_WARN_UNUSED_VARIABLE = YES;
				IPHONEOS_DEPLOYMENT_TARGET = 12.1;
				MTL_ENABLE_DEBUG_INFO = NO;
				MTL_FAST_MATH = YES;
				SDKROOT = iphoneos;
				SWIFT_COMPILATION_MODE = wholemodule;
				SWIFT_OPTIMIZATION_LEVEL = "-O";
				VALIDATE_PRODUCT = YES;
			};
			name = Release;
		};
		2982F0F42256EA240044372E /* Debug */ = {
			isa = XCBuildConfiguration;
			baseConfigurationReference = 05EDE6072077C6BC42B7A881 /* Pods-VerkadaMotionSearch.debug.xcconfig */;
			buildSettings = {
				ASSETCATALOG_COMPILER_APPICON_NAME = AppIcon;
				CODE_SIGN_STYLE = Automatic;
				DEVELOPMENT_TEAM = MZJPKP7H8D;
				INFOPLIST_FILE = VerkadaMotionSearch/Info.plist;
				IPHONEOS_DEPLOYMENT_TARGET = 12.1;
				LD_RUNPATH_SEARCH_PATHS = (
					"$(inherited)",
					"@executable_path/Frameworks",
				);
				PRODUCT_BUNDLE_IDENTIFIER = com.job.www.VerkadaMotionSearch;
				PRODUCT_NAME = "$(TARGET_NAME)";
				SWIFT_VERSION = 4.2;
				TARGETED_DEVICE_FAMILY = "1,2";
			};
			name = Debug;
		};
		2982F0F52256EA240044372E /* Release */ = {
			isa = XCBuildConfiguration;
			baseConfigurationReference = B8C49B85B3BDE4963BCC59B1 /* Pods-VerkadaMotionSearch.release.xcconfig */;
			buildSettings = {
				ASSETCATALOG_COMPILER_APPICON_NAME = AppIcon;
				CODE_SIGN_STYLE = Automatic;
				DEVELOPMENT_TEAM = MZJPKP7H8D;
				INFOPLIST_FILE = VerkadaMotionSearch/Info.plist;
				IPHONEOS_DEPLOYMENT_TARGET = 12.1;
				LD_RUNPATH_SEARCH_PATHS = (
					"$(inherited)",
					"@executable_path/Frameworks",
				);
				PRODUCT_BUNDLE_IDENTIFIER = com.job.www.VerkadaMotionSearch;
				PRODUCT_NAME = "$(TARGET_NAME)";
				SWIFT_VERSION = 4.2;
				TARGETED_DEVICE_FAMILY = "1,2";
			};
			name = Release;
		};
/* End XCBuildConfiguration section */

/* Begin XCConfigurationList section */
		2982F0DC2256EA230044372E /* Build configuration list for PBXProject "VerkadaMotionSearch" */ = {
			isa = XCConfigurationList;
			buildConfigurations = (
				2982F0F12256EA240044372E /* Debug */,
				2982F0F22256EA240044372E /* Release */,
			);
			defaultConfigurationIsVisible = 0;
			defaultConfigurationName = Release;
		};
		2982F0F32256EA240044372E /* Build configuration list for PBXNativeTarget "VerkadaMotionSearch" */ = {
			isa = XCConfigurationList;
			buildConfigurations = (
				2982F0F42256EA240044372E /* Debug */,
				2982F0F52256EA240044372E /* Release */,
			);
			defaultConfigurationIsVisible = 0;
			defaultConfigurationName = Release;
		};
/* End XCConfigurationList section */
	};
	rootObject = 2982F0D92256EA230044372E /* Project object */;
}
